
Microsoft Visual Studio Solution File, Format Version 12.00
# Visual Studio 2013
VisualStudioVersion = 12.0.31101.0
MinimumVisualStudioVersion = 10.0.40219.1
Project("{FAE04EC0-301F-11D3-BF4B-00C04F79EFBC}") = "MVVMVoorbeeld", "MVVMVoorbeeld\MVVMVoorbeeld.csproj", "{5EFB16F2-1872-4CDB-8A03-3A5FC304DB47}"
EndProject
Project("{FAE04EC0-301F-11D3-BF4B-00C04F79EFBC}") = "MVVMHobby", "MVVMHobby\MVVMHobby.csproj", "{DB0AB15C-6D43-48B2-B66A-AD84D926A7E2}"
EndProject
Project("{FAE04EC0-301F-11D3-BF4B-00C04F79EFBC}") = "ParkingBonMVVM", "ParkingBonMVVM\ParkingBonMVVM.csproj", "{51E1D364-F889-41A5-9510-38A12F64AE92}"
EndProject
Global
	GlobalSection(SolutionConfigurationPlatforms) = preSolution
		Debug|Any CPU = Debug|Any CPU
		Release|Any CPU = Release|Any CPU
	EndGlobalSection
	GlobalSection(ProjectConfigurationPlatforms) = postSolution
		{5EFB16F2-1872-4CDB-8A03-3A5FC304DB47}.Debug|Any CPU.ActiveCfg = Debug|Any CPU
		{5EFB16F2-1872-4CDB-8A03-3A5FC304DB47}.Debug|Any CPU.Build.0 = Debug|Any CPU
		{5EFB16F2-1872-4CDB-8A03-3A5FC304DB47}.Release|Any CPU.ActiveCfg = Release|Any CPU
		{5EFB16F2-1872-4CDB-8A03-3A5FC304DB47}.Release|Any CPU.Build.0 = Release|Any CPU
		{DB0AB15C-6D43-48B2-B66A-AD84D926A7E2}.Debug|Any CPU.ActiveCfg = Debug|Any CPU
		{DB0AB15C-6D43-48B2-B66A-AD84D926A7E2}.Debug|Any CPU.Build.0 = Debug|Any CPU
		{DB0AB15C-6D43-48B2-B66A-AD84D926A7E2}.Release|Any CPU.ActiveCfg = Release|Any CPU
		{DB0AB15C-6D43-48B2-B66A-AD84D926A7E2}.Release|Any CPU.Build.0 = Release|Any CPU
		{51E1D364-F889-41A5-9510-38A12F64AE92}.Debug|Any CPU.ActiveCfg = Debug|Any CPU
		{51E1D364-F889-41A5-9510-38A12F64AE92}.Debug|Any CPU.Build.0 = Debug|Any CPU
		{51E1D364-F889-41A5-9510-38A12F64AE92}.Release|Any CPU.ActiveCfg = Release|Any CPU
		{51E1D364-F889-41A5-9510-38A12F64AE92}.Release|Any CPU.Build.0 = Release|Any CPU
	EndGlobalSection
	GlobalSection(SolutionProperties) = preSolution
		HideSolutionNode = FALSE
	EndGlobalSection
EndGlobal
